// !$*UTF8*$!
{
	archiveVersion = 1;
	classes = {
	};
	objectVersion = 46;
	objects = {

/* Begin PBXBuildFile section */
		63503E681DA6CF4B0039C78A /* AppDelegate.swift in Sources */ = {isa = PBXBuildFile; fileRef = 63503E671DA6CF4B0039C78A /* AppDelegate.swift */; };
		63503E6A1DA6CF4B0039C78A /* ViewController.swift in Sources */ = {isa = PBXBuildFile; fileRef = 63503E691DA6CF4B0039C78A /* ViewController.swift */; };
		63503E6D1DA6CF4B0039C78A /* Main.storyboard in Resources */ = {isa = PBXBuildFile; fileRef = 63503E6B1DA6CF4B0039C78A /* Main.storyboard */; };
		63503E6F1DA6CF4B0039C78A /* Assets.xcassets in Resources */ = {isa = PBXBuildFile; fileRef = 63503E6E1DA6CF4B0039C78A /* Assets.xcassets */; };
		63503E721DA6CF4B0039C78A /* LaunchScreen.storyboard in Resources */ = {isa = PBXBuildFile; fileRef = 63503E701DA6CF4B0039C78A /* LaunchScreen.storyboard */; };
/* End PBXBuildFile section */

/* Begin PBXFileReference section */
		63503E641DA6CF4B0039C78A /* pokedex3.app */ = {isa = PBXFileReference; explicitFileType = wrapper.application; includeInIndex = 0; path = pokedex3.app; sourceTree = BUILT_PRODUCTS_DIR; };
		63503E671DA6CF4B0039C78A /* AppDelegate.swift */ = {isa = PBXFileReference; lastKnownFileType = sourcecode.swift; path = AppDelegate.swift; sourceTree = "<group>"; };
		63503E691DA6CF4B0039C78A /* ViewController.swift */ = {isa = PBXFileReference; lastKnownFileType = sourcecode.swift; path = ViewController.swift; sourceTree = "<group>"; };
		63503E6C1DA6CF4B0039C78A /* Base */ = {isa = PBXFileReference; lastKnownFileType = file.storyboard; name = Base; path = Base.lproj/Main.storyboard; sourceTree = "<group>"; };
		63503E6E1DA6CF4B0039C78A /* Assets.xcassets */ = {isa = PBXFileReference; lastKnownFileType = folder.assetcatalog; path = Assets.xcassets; sourceTree = "<group>"; };
		63503E711DA6CF4B0039C78A /* Base */ = {isa = PBXFileReference; lastKnownFileType = file.storyboard; name = Base; path = Base.lproj/LaunchScreen.storyboard; sourceTree = "<group>"; };
		63503E731DA6CF4B0039C78A /* Info.plist */ = {isa = PBXFileReference; lastKnownFileType = text.plist.xml; path = Info.plist; sourceTree = "<group>"; };
/* End PBXFileReference section */

/* Begin PBXFrameworksBuildPhase section */
		63503E611DA6CF4B0039C78A /* Frameworks */ = {
			isa = PBXFrameworksBuildPhase;
			buildActionMask = 2147483647;
			files = (
			);
			runOnlyForDeploymentPostprocessing = 0;
		};
/* End PBXFrameworksBuildPhase section */

/* Begin PBXGroup section */
		63503E5B1DA6CF4B0039C78A = {
			isa = PBXGroup;
			children = (
				63503E661DA6CF4B0039C78A /* pokedex3 */,
				63503E651DA6CF4B0039C78A /* Products */,
			);
			sourceTree = "<group>";
		};
		63503E651DA6CF4B0039C78A /* Products */ = {
			isa = PBXGroup;
			children = (
				63503E641DA6CF4B0039C78A /* pokedex3.app */,
			);
			name = Products;
			sourceTree = "<group>";
		};
		63503E661DA6CF4B0039C78A /* pokedex3 */ = {
			isa = PBXGroup;
			children = (
				63503E671DA6CF4B0039C78A /* AppDelegate.swift */,
				63503E691DA6CF4B0039C78A /* ViewController.swift */,
				63503E6B1DA6CF4B0039C78A /* Main.storyboard */,
				63503E6E1DA6CF4B0039C78A /* Assets.xcassets */,
				63503E701DA6CF4B0039C78A /* LaunchScreen.storyboard */,
				63503E731DA6CF4B0039C78A /* Info.plist */,
			);
			path = pokedex3;
			sourceTree = "<group>";
		};
/* End PBXGroup section */

/* Begin PBXNativeTarget section */
		63503E631DA6CF4B0039C78A /* pokedex3 */ = {
			isa = PBXNativeTarget;
			buildConfigurationList = 63503E761DA6CF4B0039C78A /* Build configuration list for PBXNativeTarget "pokedex3" */;
			buildPhases = (
				63503E601DA6CF4B0039C78A /* Sources */,
				63503E611DA6CF4B0039C78A /* Frameworks */,
				63503E621DA6CF4B0039C78A /* Resources */,
			);
			buildRules = (
			);
			dependencies = (
			);
			name = pokedex3;
			productName = pokedex3;
			productReference = 63503E641DA6CF4B0039C78A /* pokedex3.app */;
			productType = "com.apple.product-type.application";
		};
/* End PBXNativeTarget section */

/* Begin PBXProject section */
		63503E5C1DA6CF4B0039C78A /* Project object */ = {
			isa = PBXProject;
			attributes = {
				LastSwiftUpdateCheck = 0800;
				LastUpgradeCheck = 0800;
				ORGANIZATIONNAME = "Andrii Kovalchuk";
				TargetAttributes = {
					63503E631DA6CF4B0039C78A = {
						CreatedOnToolsVersion = 8.0;
						DevelopmentTeam = PFFU3MHQ7Q;
						ProvisioningStyle = Automatic;
					};
				};
			};
			buildConfigurationList = 63503E5F1DA6CF4B0039C78A /* Build configuration list for PBXProject "pokedex3" */;
			compatibilityVersion = "Xcode 3.2";
			developmentRegion = English;
			hasScannedForEncodings = 0;
			knownRegions = (
				en,
				Base,
			);
			mainGroup = 63503E5B1DA6CF4B0039C78A;
			productRefGroup = 63503E651DA6CF4B0039C78A /* Products */;
			projectDirPath = "";
			projectRoot = "";
			targets = (
				63503E631DA6CF4B0039C78A /* pokedex3 */,
			);
		};
/* End PBXProject section */

/* Begin PBXResourcesBuildPhase section */
		63503E621DA6CF4B0039C78A /* Resources */ = {
			isa = PBXResourcesBuildPhase;
			buildActionMask = 2147483647;
			files = (
				63503E721DA6CF4B0039C78A /* LaunchScreen.storyboard in Resources */,
				63503E6F1DA6CF4B0039C78A /* Assets.xcassets in Resources */,
				63503E6D1DA6CF4B0039C78A /* Main.storyboard in Resources */,
			);
			runOnlyForDeploymentPostprocessing = 0;
		};
/* End PBXResourcesBuildPhase section */

/* Begin PBXSourcesBuildPhase section */
		63503E601DA6CF4B0039C78A /* Sources */ = {
			isa = PBXSourcesBuildPhase;
			buildActionMask = 2147483647;
			files = (
				63503E6A1DA6CF4B0039C78A /* ViewController.swift in Sources */,
				63503E681DA6CF4B0039C78A /* AppDelegate.swift in Sources */,
			);
			runOnlyForDeploymentPostprocessing = 0;
		};
/* End PBXSourcesBuildPhase section */

/* Begin PBXVariantGroup section */
		63503E6B1DA6CF4B0039C78A /* Main.storyboard */ = {
			isa = PBXVariantGroup;
			children = (
				63503E6C1DA6CF4B0039C78A /* Base */,
			);
			name = Main.storyboard;
			sourceTree = "<group>";
		};
		63503E701DA6CF4B0039C78A /* LaunchScreen.storyboard */ = {
			isa = PBXVariantGroup;
			children = (
				63503E711DA6CF4B0039C78A /* Base */,
			);
			name = LaunchScreen.storyboard;
			sourceTree = "<group>";
		};
/* End PBXVariantGroup section */

/* Begin XCBuildConfiguration section */
		63503E741DA6CF4B0039C78A /* Debug */ = {
			isa = XCBuildConfiguration;
			buildSettings = {
				ALWAYS_SEARCH_USER_PATHS = NO;
				CLANG_ANALYZER_NONNULL = YES;
				CLANG_CXX_LANGUAGE_STANDARD = "gnu++0x";
				CLANG_CXX_LIBRARY = "libc++";
				CLANG_ENABLE_MODULES = YES;
				CLANG_ENABLE_OBJC_ARC = YES;
				CLANG_WARN_BOOL_CONVERSION = YES;
				CLANG_WARN_CONSTANT_CONVERSION = YES;
				CLANG_WARN_DIRECT_OBJC_ISA_USAGE = YES_ERROR;
				CLANG_WARN_DOCUMENTATION_COMMENTS = YES;
				CLANG_WARN_EMPTY_BODY = YES;
				CLANG_WARN_ENUM_CONVERSION = YES;
				CLANG_WARN_INFINITE_RECURSION = YES;
				CLANG_WARN_INT_CONVERSION = YES;
				CLANG_WARN_OBJC_ROOT_CLASS = YES_ERROR;
				CLANG_WARN_SUSPICIOUS_MOVES = YES;
				CLANG_WARN_UNREACHABLE_CODE = YES;
				CLANG_WARN__DUPLICATE_METHOD_MATCH = YES;
				"CODE_SIGN_IDENTITY[sdk=iphoneos*]" = "iPhone Developer";
				COPY_PHASE_STRIP = NO;
				DEBUG_INFORMATION_FORMAT = dwarf;
				ENABLE_STRICT_OBJC_MSGSEND = YES;
				ENABLE_TESTABILITY = YES;
				GCC_C_LANGUAGE_STANDARD = gnu99;
				GCC_DYNAMIC_NO_PIC = NO;
				GCC_NO_COMMON_BLOCKS = YES;
				GCC_OPTIMIZATION_LEVEL = 0;
				GCC_PREPROCESSOR_DEFINITIONS = (
					"DEBUG=1",
					"$(inherited)",
				);
				GCC_WARN_64_TO_32_BIT_CONVERSION = YES;
				GCC_WARN_ABOUT_RETURN_TYPE = YES_ERROR;
				GCC_WARN_UNDECLARED_SELECTOR = YES;
				GCC_WARN_UNINITIALIZED_AUTOS = YES_AGGRESSIVE;
				GCC_WARN_UNUSED_FUNCTION = YES;
				GCC_WARN_UNUSED_VARIABLE = YES;
				IPHONEOS_DEPLOYMENT_TARGET = 10.0;
				MTL_ENABLE_DEBUG_INFO = YES;
				ONLY_ACTIVE_ARCH = YES;
				SDKROOT = iphoneos;
				SWIFT_ACTIVE_COMPILATION_CONDITIONS = DEBUG;
				SWIFT_OPTIMIZATION_LEVEL = "-Onone";
			};
			name = Debug;
		};
		63503E751DA6CF4B0039C78A /* Release */ = {
			isa = XCBuildConfiguration;
			buildSettings = {
				ALWAYS_SEARCH_USER_PATHS = NO;
				CLANG_ANALYZER_NONNULL = YES;
				CLANG_CXX_LANGUAGE_STANDARD = "gnu++0x";
				CLANG_CXX_LIBRARY = "libc++";
				CLANG_ENABLE_MODULES = YES;
				CLANG_ENABLE_OBJC_ARC = YES;
				CLANG_WARN_BOOL_CONVERSION = YES;
				CLANG_WARN_CONSTANT_CONVERSION = YES;
				CLANG_WARN_DIRECT_OBJC_ISA_USAGE = YES_ERROR;
				CLANG_WARN_DOCUMENTATION_COMMENTS = YES;
				CLANG_WARN_EMPTY_BODY = YES;
				CLANG_WARN_ENUM_CONVERSION = YES;
				CLANG_WARN_INFINITE_RECURSION = YES;
				CLANG_WARN_INT_CONVERSION = YES;
				CLANG_WARN_OBJC_ROOT_CLASS = YES_ERROR;
				CLANG_WARN_SUSPICIOUS_MOVES = YES;
				CLANG_WARN_UNREACHABLE_CODE = YES;
				CLANG_WARN__DUPLICATE_METHOD_MATCH = YES;
				"CODE_SIGN_IDENTITY[sdk=iphoneos*]" = "iPhone Developer";
				COPY_PHASE_STRIP = NO;
				DEBUG_INFORMATION_FORMAT = "dwarf-with-dsym";
				ENABLE_NS_ASSERTIONS = NO;
				ENABLE_STRICT_OBJC_MSGSEND = YES;
				GCC_C_LANGUAGE_STANDARD = gnu99;
				GCC_NO_COMMON_BLOCKS = YES;
				GCC_WARN_64_TO_32_BIT_CONVERSION = YES;
				GCC_WARN_ABOUT_RETURN_TYPE = YES_ERROR;
				GCC_WARN_UNDECLARED_SELECTOR = YES;
				GCC_WARN_UNINITIALIZED_AUTOS = YES_AGGRESSIVE;
				GCC_WARN_UNUSED_FUNCTION = YES;
				GCC_WARN_UNUSED_VARIABLE = YES;
				IPHONEOS_DEPLOYMENT_TARGET = 10.0;
				MTL_ENABLE_DEBUG_INFO = NO;
				SDKROOT = iphoneos;
				SWIFT_OPTIMIZATION_LEVEL = "-Owholemodule";
				VALIDATE_PRODUCT = YES;
			};
			name = Release;
		};
		63503E771DA6CF4B0039C78A /* Debug */ = {
			isa = XCBuildConfiguration;
			buildSettings = {
				ASSETCATALOG_COMPILER_APPICON_NAME = AppIcon;
				DEVELOPMENT_TEAM = PFFU3MHQ7Q;
				INFOPLIST_FILE = pokedex3/Info.plist;
				LD_RUNPATH_SEARCH_PATHS = "$(inherited) @executable_path/Frameworks";
				PRODUCT_BUNDLE_IDENTIFIER = edu.tieorange.pokedex3;
				PRODUCT_NAME = "$(TARGET_NAME)";
				SWIFT_VERSION = 3.0;
			};
			name = Debug;
		};
		63503E781DA6CF4B0039C78A /* Release */ = {
			isa = XCBuildConfiguration;
			buildSettings = {
				ASSETCATALOG_COMPILER_APPICON_NAME = AppIcon;
				DEVELOPMENT_TEAM = PFFU3MHQ7Q;
				INFOPLIST_FILE = pokedex3/Info.plist;
				LD_RUNPATH_SEARCH_PATHS = "$(inherited) @executable_path/Frameworks";
				PRODUCT_BUNDLE_IDENTIFIER = edu.tieorange.pokedex3;
				PRODUCT_NAME = "$(TARGET_NAME)";
				SWIFT_VERSION = 3.0;
			};
			name = Release;
		};
/* End XCBuildConfiguration section */

/* Begin XCConfigurationList section */
		63503E5F1DA6CF4B0039C78A /* Build configuration list for PBXProject "pokedex3" */ = {
			isa = XCConfigurationList;
			buildConfigurations = (
				63503E741DA6CF4B0039C78A /* Debug */,
				63503E751DA6CF4B0039C78A /* Release */,
			);
			defaultConfigurationIsVisible = 0;
			defaultConfigurationName = Release;
		};
		63503E761DA6CF4B0039C78A /* Build configuration list for PBXNativeTarget "pokedex3" */ = {
			isa = XCConfigurationList;
			buildConfigurations = (
				63503E771DA6CF4B0039C78A /* Debug */,
				63503E781DA6CF4B0039C78A /* Release */,
			);
			defaultConfigurationIsVisible = 0;
		};
/* End XCConfigurationList section */
	};
	rootObject = 63503E5C1DA6CF4B0039C78A /* Project object */;
}
